
Microsoft Visual Studio Solution File, Format Version 12.00
# Visual Studio Version 16
VisualStudioVersion = 16.0.29609.76
MinimumVisualStudioVersion = 10.0.40219.1
Project("{9A19103F-16F7-4668-BE54-9A1E7A4F7556}") = "Structure", "Structure\Structure.csproj", "{6EF371D4-0208-42AC-B2E3-206D75CE87C6}"
EndProject
Project("{9A19103F-16F7-4668-BE54-9A1E7A4F7556}") = "Structure.AspNetCore", "Structure.AspNetCore\Structure.AspNetCore.csproj", "{171EC9E4-8F2D-4565-A625-3408635FA012}"
EndProject
Project("{9A19103F-16F7-4668-BE54-9A1E7A4F7556}") = "Structure.Autofac", "Structure.Autofac\Structure.Autofac.csproj", "{87A956D9-59A4-4D1A-98B8-15C07C831107}"
EndProject
Project("{9A19103F-16F7-4668-BE54-9A1E7A4F7556}") = "Structure.AutoMapper", "Structure.AutoMapper\Structure.AutoMapper.csproj", "{3810405F-6668-47F8-AE20-857A81C5E990}"
EndProject
Project("{9A19103F-16F7-4668-BE54-9A1E7A4F7556}") = "Structure.Nhibernate", "Structure.Nhibernate\Structure.Nhibernate.csproj", "{3C160F4A-C3D1-40FF-8684-5B71341A040B}"
EndProject
Project("{9A19103F-16F7-4668-BE54-9A1E7A4F7556}") = "Structure.Started.AspNetCore", "Structure.Started.AspNetCore\Structure.Started.AspNetCore.csproj", "{3F05BA6C-025A-479F-A9B1-BB6AB35521CA}"
EndProject
Project("{9A19103F-16F7-4668-BE54-9A1E7A4F7556}") = "Structure.Started.Common", "Structure.Started.Common\Structure.Started.Common.csproj", "{82F86987-4E6E-45E2-A522-C5516D24ECEB}"
EndProject
Project("{2150E333-8FDC-42A3-9474-1A3956D46DE8}") = "src", "src", "{8DF1EF82-C771-46C6-8428-8F1F6BEAFF07}"
EndProject
Project("{2150E333-8FDC-42A3-9474-1A3956D46DE8}") = "tests", "tests", "{4EA26C4E-4919-4D06-A3E3-A8BBE16B7526}"
EndProject
Project("{2150E333-8FDC-42A3-9474-1A3956D46DE8}") = "aspnet-core-demo", "aspnet-core-demo", "{935C3FF6-EF26-49D7-A18C-66D91F4CFEE5}"
EndProject
Project("{2150E333-8FDC-42A3-9474-1A3956D46DE8}") = "shared", "shared", "{9C14C62D-ED9D-46B0-9296-60ECD6E0E40D}"
EndProject
Project("{9A19103F-16F7-4668-BE54-9A1E7A4F7556}") = "Structure.Tests.Shared", "Structure.Tests.Shared\Structure.Tests.Shared.csproj", "{6FBDE274-F2A2-4AB4-B0A6-80899056A6DE}"
EndProject
Project("{9A19103F-16F7-4668-BE54-9A1E7A4F7556}") = "Structure.AspNetCoreDemo", "Structure.AspNetCoreDemo\Structure.AspNetCoreDemo.csproj", "{319598AC-197D-49A4-9884-D993E20A41FD}"
EndProject
Project("{9A19103F-16F7-4668-BE54-9A1E7A4F7556}") = "Structure.Identity", "Structure.Identity\Structure.Identity.csproj", "{67405C14-EFB2-4FC7-83F2-C68E9A9D4C81}"
EndProject
Project("{9A19103F-16F7-4668-BE54-9A1E7A4F7556}") = "Structure.Dapper", "Structure.Dapper\Structure.Dapper.csproj", "{04E788EC-5AC3-484D-AC2F-C7ABB679C04E}"
EndProject
Project("{9A19103F-16F7-4668-BE54-9A1E7A4F7556}") = "Structure.RabbitMQ", "Structure.RabbitMQ\Structure.RabbitMQ.csproj", "{951D6158-71CA-4773-8AA7-DDCB2D7ECB06}"
EndProject
Project("{2150E333-8FDC-42A3-9474-1A3956D46DE8}") = "Solution Items", "Solution Items", "{D8D2DBC3-2AE8-4B35-8232-E1EBCB06BC12}"
	ProjectSection(SolutionItems) = preProject
		.editorconfig = .editorconfig
	EndProjectSection
EndProject
Global
	GlobalSection(SolutionConfigurationPlatforms) = preSolution
		Debug|Any CPU = Debug|Any CPU
		Release|Any CPU = Release|Any CPU
	EndGlobalSection
	GlobalSection(ProjectConfigurationPlatforms) = postSolution
		{6EF371D4-0208-42AC-B2E3-206D75CE87C6}.Debug|Any CPU.ActiveCfg = Debug|Any CPU
		{6EF371D4-0208-42AC-B2E3-206D75CE87C6}.Debug|Any CPU.Build.0 = Debug|Any CPU
		{6EF371D4-0208-42AC-B2E3-206D75CE87C6}.Release|Any CPU.ActiveCfg = Release|Any CPU
		{6EF371D4-0208-42AC-B2E3-206D75CE87C6}.Release|Any CPU.Build.0 = Release|Any CPU
		{171EC9E4-8F2D-4565-A625-3408635FA012}.Debug|Any CPU.ActiveCfg = Debug|Any CPU
		{171EC9E4-8F2D-4565-A625-3408635FA012}.Debug|Any CPU.Build.0 = Debug|Any CPU
		{171EC9E4-8F2D-4565-A625-3408635FA012}.Release|Any CPU.ActiveCfg = Release|Any CPU
		{171EC9E4-8F2D-4565-A625-3408635FA012}.Release|Any CPU.Build.0 = Release|Any CPU
		{87A956D9-59A4-4D1A-98B8-15C07C831107}.Debug|Any CPU.ActiveCfg = Debug|Any CPU
		{87A956D9-59A4-4D1A-98B8-15C07C831107}.Debug|Any CPU.Build.0 = Debug|Any CPU
		{87A956D9-59A4-4D1A-98B8-15C07C831107}.Release|Any CPU.ActiveCfg = Release|Any CPU
		{87A956D9-59A4-4D1A-98B8-15C07C831107}.Release|Any CPU.Build.0 = Release|Any CPU
		{3810405F-6668-47F8-AE20-857A81C5E990}.Debug|Any CPU.ActiveCfg = Debug|Any CPU
		{3810405F-6668-47F8-AE20-857A81C5E990}.Debug|Any CPU.Build.0 = Debug|Any CPU
		{3810405F-6668-47F8-AE20-857A81C5E990}.Release|Any CPU.ActiveCfg = Release|Any CPU
		{3810405F-6668-47F8-AE20-857A81C5E990}.Release|Any CPU.Build.0 = Release|Any CPU
		{3C160F4A-C3D1-40FF-8684-5B71341A040B}.Debug|Any CPU.ActiveCfg = Debug|Any CPU
		{3C160F4A-C3D1-40FF-8684-5B71341A040B}.Debug|Any CPU.Build.0 = Debug|Any CPU
		{3C160F4A-C3D1-40FF-8684-5B71341A040B}.Release|Any CPU.ActiveCfg = Release|Any CPU
		{3C160F4A-C3D1-40FF-8684-5B71341A040B}.Release|Any CPU.Build.0 = Release|Any CPU
		{3F05BA6C-025A-479F-A9B1-BB6AB35521CA}.Debug|Any CPU.ActiveCfg = Debug|Any CPU
		{3F05BA6C-025A-479F-A9B1-BB6AB35521CA}.Debug|Any CPU.Build.0 = Debug|Any CPU
		{3F05BA6C-025A-479F-A9B1-BB6AB35521CA}.Release|Any CPU.ActiveCfg = Release|Any CPU
		{3F05BA6C-025A-479F-A9B1-BB6AB35521CA}.Release|Any CPU.Build.0 = Release|Any CPU
		{82F86987-4E6E-45E2-A522-C5516D24ECEB}.Debug|Any CPU.ActiveCfg = Debug|Any CPU
		{82F86987-4E6E-45E2-A522-C5516D24ECEB}.Debug|Any CPU.Build.0 = Debug|Any CPU
		{82F86987-4E6E-45E2-A522-C5516D24ECEB}.Release|Any CPU.ActiveCfg = Release|Any CPU
		{82F86987-4E6E-45E2-A522-C5516D24ECEB}.Release|Any CPU.Build.0 = Release|Any CPU
		{6FBDE274-F2A2-4AB4-B0A6-80899056A6DE}.Debug|Any CPU.ActiveCfg = Debug|Any CPU
		{6FBDE274-F2A2-4AB4-B0A6-80899056A6DE}.Debug|Any CPU.Build.0 = Debug|Any CPU
		{6FBDE274-F2A2-4AB4-B0A6-80899056A6DE}.Release|Any CPU.ActiveCfg = Release|Any CPU
		{6FBDE274-F2A2-4AB4-B0A6-80899056A6DE}.Release|Any CPU.Build.0 = Release|Any CPU
		{319598AC-197D-49A4-9884-D993E20A41FD}.Debug|Any CPU.ActiveCfg = Debug|Any CPU
		{319598AC-197D-49A4-9884-D993E20A41FD}.Debug|Any CPU.Build.0 = Debug|Any CPU
		{319598AC-197D-49A4-9884-D993E20A41FD}.Release|Any CPU.ActiveCfg = Release|Any CPU
		{319598AC-197D-49A4-9884-D993E20A41FD}.Release|Any CPU.Build.0 = Release|Any CPU
		{67405C14-EFB2-4FC7-83F2-C68E9A9D4C81}.Debug|Any CPU.ActiveCfg = Debug|Any CPU
		{67405C14-EFB2-4FC7-83F2-C68E9A9D4C81}.Debug|Any CPU.Build.0 = Debug|Any CPU
		{67405C14-EFB2-4FC7-83F2-C68E9A9D4C81}.Release|Any CPU.ActiveCfg = Release|Any CPU
		{67405C14-EFB2-4FC7-83F2-C68E9A9D4C81}.Release|Any CPU.Build.0 = Release|Any CPU
		{04E788EC-5AC3-484D-AC2F-C7ABB679C04E}.Debug|Any CPU.ActiveCfg = Debug|Any CPU
		{04E788EC-5AC3-484D-AC2F-C7ABB679C04E}.Debug|Any CPU.Build.0 = Debug|Any CPU
		{04E788EC-5AC3-484D-AC2F-C7ABB679C04E}.Release|Any CPU.ActiveCfg = Release|Any CPU
		{04E788EC-5AC3-484D-AC2F-C7ABB679C04E}.Release|Any CPU.Build.0 = Release|Any CPU
		{951D6158-71CA-4773-8AA7-DDCB2D7ECB06}.Debug|Any CPU.ActiveCfg = Debug|Any CPU
		{951D6158-71CA-4773-8AA7-DDCB2D7ECB06}.Debug|Any CPU.Build.0 = Debug|Any CPU
		{951D6158-71CA-4773-8AA7-DDCB2D7ECB06}.Release|Any CPU.ActiveCfg = Release|Any CPU
		{951D6158-71CA-4773-8AA7-DDCB2D7ECB06}.Release|Any CPU.Build.0 = Release|Any CPU
	EndGlobalSection
	GlobalSection(SolutionProperties) = preSolution
		HideSolutionNode = FALSE
	EndGlobalSection
	GlobalSection(NestedProjects) = preSolution
		{6EF371D4-0208-42AC-B2E3-206D75CE87C6} = {8DF1EF82-C771-46C6-8428-8F1F6BEAFF07}
		{171EC9E4-8F2D-4565-A625-3408635FA012} = {8DF1EF82-C771-46C6-8428-8F1F6BEAFF07}
		{87A956D9-59A4-4D1A-98B8-15C07C831107} = {8DF1EF82-C771-46C6-8428-8F1F6BEAFF07}
		{3810405F-6668-47F8-AE20-857A81C5E990} = {8DF1EF82-C771-46C6-8428-8F1F6BEAFF07}
		{3C160F4A-C3D1-40FF-8684-5B71341A040B} = {8DF1EF82-C771-46C6-8428-8F1F6BEAFF07}
		{3F05BA6C-025A-479F-A9B1-BB6AB35521CA} = {8DF1EF82-C771-46C6-8428-8F1F6BEAFF07}
		{82F86987-4E6E-45E2-A522-C5516D24ECEB} = {8DF1EF82-C771-46C6-8428-8F1F6BEAFF07}
		{935C3FF6-EF26-49D7-A18C-66D91F4CFEE5} = {4EA26C4E-4919-4D06-A3E3-A8BBE16B7526}
		{9C14C62D-ED9D-46B0-9296-60ECD6E0E40D} = {4EA26C4E-4919-4D06-A3E3-A8BBE16B7526}
		{6FBDE274-F2A2-4AB4-B0A6-80899056A6DE} = {9C14C62D-ED9D-46B0-9296-60ECD6E0E40D}
		{319598AC-197D-49A4-9884-D993E20A41FD} = {935C3FF6-EF26-49D7-A18C-66D91F4CFEE5}
		{67405C14-EFB2-4FC7-83F2-C68E9A9D4C81} = {8DF1EF82-C771-46C6-8428-8F1F6BEAFF07}
		{04E788EC-5AC3-484D-AC2F-C7ABB679C04E} = {8DF1EF82-C771-46C6-8428-8F1F6BEAFF07}
		{951D6158-71CA-4773-8AA7-DDCB2D7ECB06} = {8DF1EF82-C771-46C6-8428-8F1F6BEAFF07}
	EndGlobalSection
	GlobalSection(ExtensibilityGlobals) = postSolution
		SolutionGuid = {448557A4-1E63-4AEA-8C6C-3D65EEC1018B}
	EndGlobalSection
EndGlobal
